<?xml version="1.0" encoding="UTF-8" standalone="yes" ?>
<CodeBlocks_project_file>
	<FileVersion major="1" minor="6" />
	<Project>
		<Option title="a-verso" />
		<Option pch_mode="2" />
		<Option compiler="gcc" />
		<Build>
			<Target title="Debug">
				<Option output="bin/Debug/a-verso" prefix_auto="1" extension_auto="1" />
				<Option object_output="bin/obj/Debug/" />
				<Option type="0" />
				<Option compiler="gcc" />
				<Option projectCompilerOptionsRelation="2" />
				<Option projectLinkerOptionsRelation="2" />
				<Compiler>
					<Add option="-g" />
				</Compiler>
			</Target>
			<Target title="Release">
				<Option output="bin/Release/a-verso" prefix_auto="1" extension_auto="1" />
				<Option object_output="bin/obj/Release/" />
				<Option type="1" />
				<Option compiler="gcc" />
				<Compiler>
					<Add option="-O2" />
				</Compiler>
				<Linker>
					<Add option="-s" />
				</Linker>
			</Target>
			<Target title="testing-dbg-v0">
				<Option output="bin/Debug/a-verso" prefix_auto="1" extension_auto="1" />
				<Option object_output="bin/obj/Debug/" />
				<Option type="1" />
				<Option compiler="gcc" />
				<Compiler>
					<Add option="-g `pkg-config cunit --cflags`" />
					<Add option="-DOCTETOS_AVERSO_V0_TESTING" />
					<Add option="-DOCTETOS_AVERSO_TTD" />
					<Add directory="../a-verso" />
				</Compiler>
				<Linker>
					<Add library="cunit" />
				</Linker>
			</Target>
			<Target title="tutorial-opengl-dbg">
				<Option output="bin/Debug/tutorial-opngl" prefix_auto="1" extension_auto="1" />
				<Option object_output="bin/obj/Debug/" />
				<Option type="0" />
				<Option compiler="gcc" />
				<Option projectLinkerOptionsRelation="2" />
				<Compiler>
					<Add option="-g `pkg-config freetype2 --cflags`" />
					<Add option="-DOCTETOS_AVERSO_TTD" />
					<Add directory="0" />
				</Compiler>
				<Linker>
					<Add option="`pkg-config freetype2 --libs` `pkg-config glew --libs` `pkg-config glfw3 --libs`" />
				</Linker>
			</Target>
			<Target title="tutorial-sdl-dbg">
				<Option output="bin/Debug/tutorial-sdl" prefix_auto="1" extension_auto="1" />
				<Option object_output="bin/obj/Debug/" />
				<Option type="0" />
				<Option compiler="gcc" />
				<Option projectLinkerOptionsRelation="2" />
				<Compiler>
					<Add option="-g `pkg-config sdl2 --cflags`" />
					<Add option="-DOCTETOS_AVERSO_TTD" />
					<Add directory="0" />
				</Compiler>
				<Linker>
					<Add option="`pkg-config sdl2 --libs` `pkg-config SDL2_ttf --libs`" />
				</Linker>
			</Target>
			<Target title="devel-verso">
				<Option output="bin/Debug/devel-verso" prefix_auto="1" extension_auto="1" />
				<Option object_output="bin/obj/Debug/" />
				<Option type="0" />
				<Option compiler="gcc" />
				<Option projectLinkerOptionsRelation="2" />
				<Compiler>
					<Add option="-g `pkg-config freetype2 --cflags`" />
					<Add option="-DOCTETOS_AVERSO_V0_TTD" />
					<Add option="-DOCTETOS_NUMBERS_V0_TTD" />
					<Add directory="0" />
				</Compiler>
				<Linker>
					<Add option="`pkg-config freetype2 --libs` `pkg-config glew --libs` `pkg-config glfw3 --libs`" />
				</Linker>
			</Target>
			<Target title="verso-light">
				<Option output="bin/Debug/verso-light" prefix_auto="1" extension_auto="1" />
				<Option object_output="bin/obj/Debug/" />
				<Option type="0" />
				<Option compiler="gcc" />
				<Option projectLinkerOptionsRelation="2" />
				<Compiler>
					<Add option="-g `pkg-config freetype2 --cflags`" />
					<Add option="-DOCTETOS_AVERSO_TTD" />
					<Add directory="0" />
				</Compiler>
				<Linker>
					<Add option="`pkg-config freetype2 --libs` `pkg-config glew --libs` `pkg-config glfw3 --libs`" />
				</Linker>
			</Target>
		</Build>
		<Compiler>
			<Add option="-Wall -pedantic --std=c++20" />
			<Add option="-DOCTETOS_VERSO_OPENGL_MAJOR=1" />
			<Add option="-DOCTETOS_VERSO_OPENGL_MINOR=0" />
			<Add directory="/home/azael/develop/octetos" />
		</Compiler>
		<Unit filename="0/Camera.cc">
			<Option target="verso-light" />
			<Option target="devel-verso" />
		</Unit>
		<Unit filename="0/Camera.hh">
			<Option target="verso-light" />
			<Option target="devel-verso" />
		</Unit>
		<Unit filename="0/Shader.cc">
			<Option target="Debug" />
			<Option target="Release" />
			<Option target="tutorial-opengl-dbg" />
			<Option target="tutorial-sdl-dbg" />
			<Option target="devel-verso" />
			<Option target="verso-light" />
		</Unit>
		<Unit filename="0/Shader.hh">
			<Option target="Debug" />
			<Option target="Release" />
			<Option target="tutorial-opengl-dbg" />
			<Option target="tutorial-sdl-dbg" />
			<Option target="devel-verso" />
			<Option target="verso-light" />
		</Unit>
		<Unit filename="0/shapes.cc" />
		<Unit filename="0/shapes.hh" />
		<Unit filename="0/verso-gl.cc">
			<Option target="devel-verso" />
		</Unit>
		<Unit filename="0/verso-gl.hh">
			<Option target="devel-verso" />
		</Unit>
		<Unit filename="0/verso.cc">
			<Option target="devel-verso" />
		</Unit>
		<Unit filename="0/verso.hh">
			<Option target="devel-verso" />
		</Unit>
		<Unit filename="tests/develop-2-Game.cc">
			<Option target="tutorial-sdl-dbg" />
		</Unit>
		<Unit filename="tests/develop-2-Game.hh">
			<Option target="tutorial-sdl-dbg" />
		</Unit>
		<Unit filename="tests/develop-2-main.cc">
			<Option target="tutorial-sdl-dbg" />
		</Unit>
		<Unit filename="tests/develop-3-Game.cc">
			<Option target="tutorial-opengl-dbg" />
		</Unit>
		<Unit filename="tests/develop-3-Game.hh">
			<Option target="tutorial-opengl-dbg" />
		</Unit>
		<Unit filename="tests/develop-3-main.cc">
			<Option target="tutorial-opengl-dbg" />
		</Unit>
		<Unit filename="tests/develop-Verso-main.cc">
			<Option target="&lt;{~None~}&gt;" />
		</Unit>
		<Unit filename="tests/develop-Verso.cc">
			<Option target="&lt;{~None~}&gt;" />
		</Unit>
		<Unit filename="tests/develop-Verso.hh">
			<Option target="&lt;{~None~}&gt;" />
		</Unit>
		<Unit filename="tests/ligth/main.cc">
			<Option target="verso-light" />
		</Unit>
		<Unit filename="tests/ligth/verso.cc">
			<Option target="verso-light" />
		</Unit>
		<Unit filename="tests/ligth/verso.hh">
			<Option target="verso-light" />
		</Unit>
		<Unit filename="tests/main.cc">
			<Option target="testing-dbg-v0" />
		</Unit>
		<Unit filename="tests/v0.cc">
			<Option target="testing-dbg-v0" />
		</Unit>
		<Unit filename="tests/v0.hh">
			<Option target="testing-dbg-v0" />
		</Unit>
		<Unit filename="tests/verso/main.cc">
			<Option target="devel-verso" />
		</Unit>
		<Unit filename="tests/verso/verso-v0.cc">
			<Option target="devel-verso" />
		</Unit>
		<Unit filename="tests/verso/verso-v0.hh">
			<Option target="devel-verso" />
		</Unit>
		<Unit filename="tests/verso/verso-v0hh">
			<Option target="devel-verso" />
		</Unit>
		<Extensions>
			<lib_finder>
				<lib name="glfw3" />
				<lib name="glew" />
			</lib_finder>
		</Extensions>
	</Project>
</CodeBlocks_project_file>
