<?xml version="1.0" encoding="UTF-8" standalone="yes" ?>
<CodeBlocks_project_file>
	<FileVersion major="1" minor="6" />
	<Project>
		<Option title="a-verso" />
		<Option pch_mode="2" />
		<Option compiler="gcc" />
		<Build>
			<Target title="Debug">
				<Option output="bin/Debug/a-verso" prefix_auto="1" extension_auto="1" />
				<Option object_output="bin/obj/Debug/" />
				<Option type="0" />
				<Option compiler="gcc" />
				<Compiler>
					<Add option="-g" />
					<Add option="`pkg-config sdl2 --cflags`" />
				</Compiler>
				<Linker>
					<Add option="`pkg-config sdl2 --libs` `pkg-config SDL2_image --libs`" />
				</Linker>
			</Target>
			<Target title="Release">
				<Option output="bin/Release/a-verso" prefix_auto="1" extension_auto="1" />
				<Option object_output="bin/obj/Release/" />
				<Option type="1" />
				<Option compiler="gcc" />
				<Compiler>
					<Add option="-O2" />
				</Compiler>
				<Linker>
					<Add option="-s" />
				</Linker>
			</Target>
		</Build>
		<Compiler>
			<Add option="-Wall" />
		</Compiler>
		<Unit filename="0/Verso.cc" />
		<Unit filename="0/Verso.hh" />
		<Unit filename="0/develop-2-Game.cc" />
		<Unit filename="0/develop-2-Game.hh" />
		<Unit filename="0/develop-2-main.cc" />
		<Extensions />
	</Project>
</CodeBlocks_project_file>
